
Microsoft Visual Studio Solution File, Format Version 12.00
# Visual Studio 15
VisualStudioVersion = 15.0.28307.645
MinimumVisualStudioVersion = 10.0.40219.1
Project("{FAE04EC0-301F-11D3-BF4B-00C04F79EFBC}") = "StudentInformation", "StudentInformation\StudentInformation.csproj", "{47FF5263-10DE-4345-B6BA-967F9605C062}"
EndProject
Global
	GlobalSection(SolutionConfigurationPlatforms) = preSolution
		Debug|Any CPU = Debug|Any CPU
		Release|Any CPU = Release|Any CPU
	EndGlobalSection
	GlobalSection(ProjectConfigurationPlatforms) = postSolution
		{47FF5263-10DE-4345-B6BA-967F9605C062}.Debug|Any CPU.ActiveCfg = Debug|Any CPU
		{47FF5263-10DE-4345-B6BA-967F9605C062}.Debug|Any CPU.Build.0 = Debug|Any CPU
		{47FF5263-10DE-4345-B6BA-967F9605C062}.Release|Any CPU.ActiveCfg = Release|Any CPU
		{47FF5263-10DE-4345-B6BA-967F9605C062}.Release|Any CPU.Build.0 = Release|Any CPU
	EndGlobalSection
	GlobalSection(SolutionProperties) = preSolution
		HideSolutionNode = FALSE
	EndGlobalSection
	GlobalSection(ExtensibilityGlobals) = postSolution
		SolutionGuid = {0A0C4F3C-FF11-4760-A54D-312A42EF3F37}
	EndGlobalSection
EndGlobal
